
Microsoft Visual Studio Solution File, Format Version 12.00
# Visual Studio 2015
Project("{FAE04EC0-301F-11D3-BF4B-00C04F79EFBC}") = "GGB_11_27_16.CSharp", "GGB_11_27_16.CSharp.csproj", "{89B41C81-6622-EEB5-53FD-6C81FF920076}"
EndProject
Global
	GlobalSection(SolutionConfigurationPlatforms) = preSolution
		Debug|Any CPU = Debug|Any CPU
		Release|Any CPU = Release|Any CPU
	EndGlobalSection
	GlobalSection(ProjectConfigurationPlatforms) = postSolution
		{89B41C81-6622-EEB5-53FD-6C81FF920076}.Debug|Any CPU.ActiveCfg = Debug|Any CPU
		{89B41C81-6622-EEB5-53FD-6C81FF920076}.Debug|Any CPU.Build.0 = Debug|Any CPU
		{89B41C81-6622-EEB5-53FD-6C81FF920076}.Release|Any CPU.ActiveCfg = Release|Any CPU
		{89B41C81-6622-EEB5-53FD-6C81FF920076}.Release|Any CPU.Build.0 = Release|Any CPU
	EndGlobalSection
	GlobalSection(SolutionProperties) = preSolution
		HideSolutionNode = FALSE
	EndGlobalSection
EndGlobal
